{
  "name": "nicoJS",
  "lockfileVersion": 3,
  "requires": true,
  "packages": {
    "": {
      "dependencies": {
        "nicojs": "^1.1.8"
      }
    },
    "node_modules/nicojs": {
      "version": "1.1.8",
      "resolved": "https://registry.npmjs.org/nicojs/-/nicojs-1.1.8.tgz",
      "integrity": "sha512-K5UhLrwpg4hgFhpjjh2r++NJ0OuSRLeZk9Q0VFZvzJMnTI6YNm9JFCE/JLn8310EiW4rt6alNqQH4vUdwd4utg==",
      "license": "MIT"
    }
  }
}
